
Microsoft Visual Studio Solution File, Format Version 12.00
# Visual Studio Version 17
VisualStudioVersion = 17.14.36327.8
MinimumVisualStudioVersion = 10.0.40219.1
Project("{FAE04EC0-301F-11D3-BF4B-00C04F79EFBC}") = "StreamElementsToStreamerBotOverlayMigrationTool", "StreamElementOverlayMigrationForStreamerBot\StreamElementsToStreamerBotOverlayMigrationTool.csproj", "{EA21EA17-6118-4964-B996-790C55652768}"
EndProject
Global
	GlobalSection(SolutionConfigurationPlatforms) = preSolution
		Debug|Any CPU = Debug|Any CPU
		Release|Any CPU = Release|Any CPU
	EndGlobalSection
	GlobalSection(ProjectConfigurationPlatforms) = postSolution
		{EA21EA17-6118-4964-B996-790C55652768}.Debug|Any CPU.ActiveCfg = Debug|Any CPU
		{EA21EA17-6118-4964-B996-790C55652768}.Debug|Any CPU.Build.0 = Debug|Any CPU
		{EA21EA17-6118-4964-B996-790C55652768}.Release|Any CPU.ActiveCfg = Release|Any CPU
		{EA21EA17-6118-4964-B996-790C55652768}.Release|Any CPU.Build.0 = Release|Any CPU
	EndGlobalSection
	GlobalSection(SolutionProperties) = preSolution
		HideSolutionNode = FALSE
	EndGlobalSection
	GlobalSection(ExtensibilityGlobals) = postSolution
		SolutionGuid = {100600A4-6377-4747-A8FC-A68834E87BDB}
	EndGlobalSection
EndGlobal
