
Microsoft Visual Studio Solution File, Format Version 12.00
# Visual Studio Version 18
VisualStudioVersion = 18.9.12112.369 stable
MinimumVisualStudioVersion = 10.0.40219.1
Project("{FAE04EC0-301F-11D3-BF4B-00C04F79EFBC}") = "StreamElementsToStreamerBotOverlayMigrator", "StreamElementsToStreamerBotOverlayMigrator\StreamElementsToStreamerBotOverlayMigrator.csproj", "{EA21EA17-6118-4964-B996-790C55652768}"
EndProject
Project("{2150E333-8FDC-42A3-9474-1A3956D46DE8}") = "Solution Items", "Solution Items", "{02EA681E-C7D8-13C7-8484-4AC65E1B71E8}"
	ProjectSection(SolutionItems) = preProject
		.gitattributes = .gitattributes
		.gitignore = .gitignore
		CONTRIBUTING.md = CONTRIBUTING.md
		LICENSE.txt = LICENSE.txt
		README.md = README.md
	EndProjectSection
EndProject
Project("{2150E333-8FDC-42A3-9474-1A3956D46DE8}") = "Images", "Images", "{ACF2A73E-BE6A-4A31-BE5C-26DCF1D0CABD}"
	ProjectSection(SolutionItems) = preProject
		Images\application_ui_1.png = Images\application_ui_1.png
		Images\application_ui_2.png = Images\application_ui_2.png
		Images\application_ui_3.png = Images\application_ui_3.png
		Images\export_streamelements_widget_files_1.png = Images\export_streamelements_widget_files_1.png
		Images\export_streamelements_widget_files_2.png = Images\export_streamelements_widget_files_2.png
		Images\obs_browser_source.png = Images\obs_browser_source.png
		Images\streamerbot_select_server.png = Images\streamerbot_select_server.png
		Images\streamerbot_websocket_started.png = Images\streamerbot_websocket_started.png
		Images\streamerbot_websocket_stopped.png = Images\streamerbot_websocket_stopped.png
	EndProjectSection
EndProject
Project("{FAE04EC0-301F-11D3-BF4B-00C04F79EFBC}") = "ApplicationUpdater", "ApplicationUpdater\ApplicationUpdater.csproj", "{E18763CA-2657-BADC-253F-AB8136899944}"
EndProject
Project("{2150E333-8FDC-42A3-9474-1A3956D46DE8}") = "SampleOutputFiles", "SampleOutputFiles", "{0B085D25-9A19-4AE6-A62E-8BC0B84FF3DE}"
	ProjectSection(SolutionItems) = preProject
		SampleOutputFiles\config.js = SampleOutputFiles\config.js
		SampleOutputFiles\field.json = SampleOutputFiles\field.json
		SampleOutputFiles\index.css = SampleOutputFiles\index.css
		SampleOutputFiles\index.html = SampleOutputFiles\index.html
		SampleOutputFiles\index.js = SampleOutputFiles\index.js
		SampleOutputFiles\streamerBotApiAndEventBridge.js = SampleOutputFiles\streamerBotApiAndEventBridge.js
	EndProjectSection
EndProject
Global
	GlobalSection(SolutionConfigurationPlatforms) = preSolution
		Debug|Any CPU = Debug|Any CPU
		Release|Any CPU = Release|Any CPU
	EndGlobalSection
	GlobalSection(ProjectConfigurationPlatforms) = postSolution
		{EA21EA17-6118-4964-B996-790C55652768}.Debug|Any CPU.ActiveCfg = Debug|Any CPU
		{EA21EA17-6118-4964-B996-790C55652768}.Debug|Any CPU.Build.0 = Debug|Any CPU
		{EA21EA17-6118-4964-B996-790C55652768}.Release|Any CPU.ActiveCfg = Release|Any CPU
		{EA21EA17-6118-4964-B996-790C55652768}.Release|Any CPU.Build.0 = Release|Any CPU
		{E18763CA-2657-BADC-253F-AB8136899944}.Debug|Any CPU.ActiveCfg = Debug|Any CPU
		{E18763CA-2657-BADC-253F-AB8136899944}.Debug|Any CPU.Build.0 = Debug|Any CPU
		{E18763CA-2657-BADC-253F-AB8136899944}.Release|Any CPU.ActiveCfg = Release|Any CPU
		{E18763CA-2657-BADC-253F-AB8136899944}.Release|Any CPU.Build.0 = Release|Any CPU
	EndGlobalSection
	GlobalSection(SolutionProperties) = preSolution
		HideSolutionNode = FALSE
	EndGlobalSection
	GlobalSection(ExtensibilityGlobals) = postSolution
		SolutionGuid = {100600A4-6377-4747-A8FC-A68834E87BDB}
	EndGlobalSection
EndGlobal
